
Microsoft Visual Studio Solution File, Format Version 12.00
# Visual Studio Version 16
VisualStudioVersion = 16.0.31424.327
MinimumVisualStudioVersion = 10.0.40219.1
Project("{FAE04EC0-301F-11D3-BF4B-00C04F79EFBC}") = "BowlingYuval", "BowlingYuval\BowlingYuval.csproj", "{6647233A-0770-4154-A506-C05A70CF6FE4}"
EndProject
Global
	GlobalSection(SolutionConfigurationPlatforms) = preSolution
		Debug|Any CPU = Debug|Any CPU
		Release|Any CPU = Release|Any CPU
	EndGlobalSection
	GlobalSection(ProjectConfigurationPlatforms) = postSolution
		{6647233A-0770-4154-A506-C05A70CF6FE4}.Debug|Any CPU.ActiveCfg = Debug|Any CPU
		{6647233A-0770-4154-A506-C05A70CF6FE4}.Debug|Any CPU.Build.0 = Debug|Any CPU
		{6647233A-0770-4154-A506-C05A70CF6FE4}.Release|Any CPU.ActiveCfg = Release|Any CPU
		{6647233A-0770-4154-A506-C05A70CF6FE4}.Release|Any CPU.Build.0 = Release|Any CPU
	EndGlobalSection
	GlobalSection(SolutionProperties) = preSolution
		HideSolutionNode = FALSE
	EndGlobalSection
	GlobalSection(ExtensibilityGlobals) = postSolution
		SolutionGuid = {1393BF31-5E2B-4A9D-B10D-AFA893BD7CAC}
	EndGlobalSection
EndGlobal
